
Microsoft Visual Studio Solution File, Format Version 12.00
# Visual Studio Version 16
VisualStudioVersion = 16.0.29123.88
MinimumVisualStudioVersion = 10.0.40219.1
Project("{FAE04EC0-301F-11D3-BF4B-00C04F79EFBC}") = "RestSharpConsole", "RestSharpConsole\RestSharpConsole.csproj", "{9E1F1C30-39EC-4441-AF44-B6BDBB158D5A}"
EndProject
Global
	GlobalSection(SolutionConfigurationPlatforms) = preSolution
		Debug|Any CPU = Debug|Any CPU
		Release|Any CPU = Release|Any CPU
	EndGlobalSection
	GlobalSection(ProjectConfigurationPlatforms) = postSolution
		{9E1F1C30-39EC-4441-AF44-B6BDBB158D5A}.Debug|Any CPU.ActiveCfg = Debug|Any CPU
		{9E1F1C30-39EC-4441-AF44-B6BDBB158D5A}.Debug|Any CPU.Build.0 = Debug|Any CPU
		{9E1F1C30-39EC-4441-AF44-B6BDBB158D5A}.Release|Any CPU.ActiveCfg = Release|Any CPU
		{9E1F1C30-39EC-4441-AF44-B6BDBB158D5A}.Release|Any CPU.Build.0 = Release|Any CPU
	EndGlobalSection
	GlobalSection(SolutionProperties) = preSolution
		HideSolutionNode = FALSE
	EndGlobalSection
	GlobalSection(ExtensibilityGlobals) = postSolution
		SolutionGuid = {E4AF02D8-DC91-41CC-B35E-DA6DE7A6CD5E}
	EndGlobalSection
EndGlobal
